// !$*UTF8*$!
{
	archiveVersion = 1;
	classes = {
	};
	objectVersion = 46;
	objects = {

/* Begin PBXBuildFile section */
		AC6DD86E1AE10C460020F404 /* main.m in Sources */ = {isa = PBXBuildFile; fileRef = AC6DD86D1AE10C460020F404 /* main.m */; };
		AC6DD8711AE10C460020F404 /* AppDelegate.m in Sources */ = {isa = PBXBuildFile; fileRef = AC6DD8701AE10C460020F404 /* AppDelegate.m */; };
		AC6DD8741AE10C460020F404 /* ViewController.m in Sources */ = {isa = PBXBuildFile; fileRef = AC6DD8731AE10C460020F404 /* ViewController.m */; };
		AC6DD8771AE10C460020F404 /* Main.storyboard in Resources */ = {isa = PBXBuildFile; fileRef = AC6DD8751AE10C460020F404 /* Main.storyboard */; };
		AC6DD8791AE10C460020F404 /* Images.xcassets in Resources */ = {isa = PBXBuildFile; fileRef = AC6DD8781AE10C460020F404 /* Images.xcassets */; };
		AC6DD87C1AE10C460020F404 /* LaunchScreen.xib in Resources */ = {isa = PBXBuildFile; fileRef = AC6DD87A1AE10C460020F404 /* LaunchScreen.xib */; };
		AC6DD8881AE10C460020F404 /* counttTests.m in Sources */ = {isa = PBXBuildFile; fileRef = AC6DD8871AE10C460020F404 /* counttTests.m */; };
/* End PBXBuildFile section */

/* Begin PBXContainerItemProxy section */
		AC6DD8821AE10C460020F404 /* PBXContainerItemProxy */ = {
			isa = PBXContainerItemProxy;
			containerPortal = AC6DD8601AE10C460020F404 /* Project object */;
			proxyType = 1;
			remoteGlobalIDString = AC6DD8671AE10C460020F404;
			remoteInfo = countt;
		};
/* End PBXContainerItemProxy section */

/* Begin PBXFileReference section */
		AC6DD8681AE10C460020F404 /* countt.app */ = {isa = PBXFileReference; explicitFileType = wrapper.application; includeInIndex = 0; path = countt.app; sourceTree = BUILT_PRODUCTS_DIR; };
		AC6DD86C1AE10C460020F404 /* Info.plist */ = {isa = PBXFileReference; lastKnownFileType = text.plist.xml; path = Info.plist; sourceTree = "<group>"; };
		AC6DD86D1AE10C460020F404 /* main.m */ = {isa = PBXFileReference; lastKnownFileType = sourcecode.c.objc; path = main.m; sourceTree = "<group>"; };
		AC6DD86F1AE10C460020F404 /* AppDelegate.h */ = {isa = PBXFileReference; lastKnownFileType = sourcecode.c.h; path = AppDelegate.h; sourceTree = "<group>"; };
		AC6DD8701AE10C460020F404 /* AppDelegate.m */ = {isa = PBXFileReference; lastKnownFileType = sourcecode.c.objc; path = AppDelegate.m; sourceTree = "<group>"; };
		AC6DD8721AE10C460020F404 /* ViewController.h */ = {isa = PBXFileReference; lastKnownFileType = sourcecode.c.h; path = ViewController.h; sourceTree = "<group>"; };
		AC6DD8731AE10C460020F404 /* ViewController.m */ = {isa = PBXFileReference; lastKnownFileType = sourcecode.c.objc; path = ViewController.m; sourceTree = "<group>"; };
		AC6DD8761AE10C460020F404 /* Base */ = {isa = PBXFileReference; lastKnownFileType = file.storyboard; name = Base; path = Base.lproj/Main.storyboard; sourceTree = "<group>"; };
		AC6DD8781AE10C460020F404 /* Images.xcassets */ = {isa = PBXFileReference; lastKnownFileType = folder.assetcatalog; path = Images.xcassets; sourceTree = "<group>"; };
		AC6DD87B1AE10C460020F404 /* Base */ = {isa = PBXFileReference; lastKnownFileType = file.xib; name = Base; path = Base.lproj/LaunchScreen.xib; sourceTree = "<group>"; };
		AC6DD8811AE10C460020F404 /* counttTests.xctest */ = {isa = PBXFileReference; explicitFileType = wrapper.cfbundle; includeInIndex = 0; path = counttTests.xctest; sourceTree = BUILT_PRODUCTS_DIR; };
		AC6DD8861AE10C460020F404 /* Info.plist */ = {isa = PBXFileReference; lastKnownFileType = text.plist.xml; path = Info.plist; sourceTree = "<group>"; };
		AC6DD8871AE10C460020F404 /* counttTests.m */ = {isa = PBXFileReference; lastKnownFileType = sourcecode.c.objc; path = counttTests.m; sourceTree = "<group>"; };
/* End PBXFileReference section */

/* Begin PBXFrameworksBuildPhase section */
		AC6DD8651AE10C460020F404 /* Frameworks */ = {
			isa = PBXFrameworksBuildPhase;
			buildActionMask = 2147483647;
			files = (
			);
			runOnlyForDeploymentPostprocessing = 0;
		};
		AC6DD87E1AE10C460020F404 /* Frameworks */ = {
			isa = PBXFrameworksBuildPhase;
			buildActionMask = 2147483647;
			files = (
			);
			runOnlyForDeploymentPostprocessing = 0;
		};
/* End PBXFrameworksBuildPhase section */

/* Begin PBXGroup section */
		AC6DD85F1AE10C460020F404 = {
			isa = PBXGroup;
			children = (
				AC6DD86A1AE10C460020F404 /* countt */,
				AC6DD8841AE10C460020F404 /* counttTests */,
				AC6DD8691AE10C460020F404 /* Products */,
			);
			sourceTree = "<group>";
		};
		AC6DD8691AE10C460020F404 /* Products */ = {
			isa = PBXGroup;
			children = (
				AC6DD8681AE10C460020F404 /* countt.app */,
				AC6DD8811AE10C460020F404 /* counttTests.xctest */,
			);
			name = Products;
			sourceTree = "<group>";
		};
		AC6DD86A1AE10C460020F404 /* countt */ = {
			isa = PBXGroup;
			children = (
				AC6DD86F1AE10C460020F404 /* AppDelegate.h */,
				AC6DD8701AE10C460020F404 /* AppDelegate.m */,
				AC6DD8721AE10C460020F404 /* ViewController.h */,
				AC6DD8731AE10C460020F404 /* ViewController.m */,
				AC6DD8751AE10C460020F404 /* Main.storyboard */,
				AC6DD8781AE10C460020F404 /* Images.xcassets */,
				AC6DD87A1AE10C460020F404 /* LaunchScreen.xib */,
				AC6DD86B1AE10C460020F404 /* Supporting Files */,
			);
			path = countt;
			sourceTree = "<group>";
		};
		AC6DD86B1AE10C460020F404 /* Supporting Files */ = {
			isa = PBXGroup;
			children = (
				AC6DD86C1AE10C460020F404 /* Info.plist */,
				AC6DD86D1AE10C460020F404 /* main.m */,
			);
			name = "Supporting Files";
			sourceTree = "<group>";
		};
		AC6DD8841AE10C460020F404 /* counttTests */ = {
			isa = PBXGroup;
			children = (
				AC6DD8871AE10C460020F404 /* counttTests.m */,
				AC6DD8851AE10C460020F404 /* Supporting Files */,
			);
			path = counttTests;
			sourceTree = "<group>";
		};
		AC6DD8851AE10C460020F404 /* Supporting Files */ = {
			isa = PBXGroup;
			children = (
				AC6DD8861AE10C460020F404 /* Info.plist */,
			);
			name = "Supporting Files";
			sourceTree = "<group>";
		};
/* End PBXGroup section */

/* Begin PBXNativeTarget section */
		AC6DD8671AE10C460020F404 /* countt */ = {
			isa = PBXNativeTarget;
			buildConfigurationList = AC6DD88B1AE10C460020F404 /* Build configuration list for PBXNativeTarget "countt" */;
			buildPhases = (
				AC6DD8641AE10C460020F404 /* Sources */,
				AC6DD8651AE10C460020F404 /* Frameworks */,
				AC6DD8661AE10C460020F404 /* Resources */,
			);
			buildRules = (
			);
			dependencies = (
			);
			name = countt;
			productName = countt;
			productReference = AC6DD8681AE10C460020F404 /* countt.app */;
			productType = "com.apple.product-type.application";
		};
		AC6DD8801AE10C460020F404 /* counttTests */ = {
			isa = PBXNativeTarget;
			buildConfigurationList = AC6DD88E1AE10C460020F404 /* Build configuration list for PBXNativeTarget "counttTests" */;
			buildPhases = (
				AC6DD87D1AE10C460020F404 /* Sources */,
				AC6DD87E1AE10C460020F404 /* Frameworks */,
				AC6DD87F1AE10C460020F404 /* Resources */,
			);
			buildRules = (
			);
			dependencies = (
				AC6DD8831AE10C460020F404 /* PBXTargetDependency */,
			);
			name = counttTests;
			productName = counttTests;
			productReference = AC6DD8811AE10C460020F404 /* counttTests.xctest */;
			productType = "com.apple.product-type.bundle.unit-test";
		};
/* End PBXNativeTarget section */

/* Begin PBXProject section */
		AC6DD8601AE10C460020F404 /* Project object */ = {
			isa = PBXProject;
			attributes = {
				LastUpgradeCheck = 0620;
				ORGANIZATIONNAME = heiwa;
				TargetAttributes = {
					AC6DD8671AE10C460020F404 = {
						CreatedOnToolsVersion = 6.2;
					};
					AC6DD8801AE10C460020F404 = {
						CreatedOnToolsVersion = 6.2;
						TestTargetID = AC6DD8671AE10C460020F404;
					};
				};
			};
			buildConfigurationList = AC6DD8631AE10C460020F404 /* Build configuration list for PBXProject "countt" */;
			compatibilityVersion = "Xcode 3.2";
			developmentRegion = English;
			hasScannedForEncodings = 0;
			knownRegions = (
				en,
				Base,
			);
			mainGroup = AC6DD85F1AE10C460020F404;
			productRefGroup = AC6DD8691AE10C460020F404 /* Products */;
			projectDirPath = "";
			projectRoot = "";
			targets = (
				AC6DD8671AE10C460020F404 /* countt */,
				AC6DD8801AE10C460020F404 /* counttTests */,
			);
		};
/* End PBXProject section */

/* Begin PBXResourcesBuildPhase section */
		AC6DD8661AE10C460020F404 /* Resources */ = {
			isa = PBXResourcesBuildPhase;
			buildActionMask = 2147483647;
			files = (
				AC6DD8771AE10C460020F404 /* Main.storyboard in Resources */,
				AC6DD87C1AE10C460020F404 /* LaunchScreen.xib in Resources */,
				AC6DD8791AE10C460020F404 /* Images.xcassets in Resources */,
			);
			runOnlyForDeploymentPostprocessing = 0;
		};
		AC6DD87F1AE10C460020F404 /* Resources */ = {
			isa = PBXResourcesBuildPhase;
			buildActionMask = 2147483647;
			files = (
			);
			runOnlyForDeploymentPostprocessing = 0;
		};
/* End PBXResourcesBuildPhase section */

/* Begin PBXSourcesBuildPhase section */
		AC6DD8641AE10C460020F404 /* Sources */ = {
			isa = PBXSourcesBuildPhase;
			buildActionMask = 2147483647;
			files = (
				AC6DD8741AE10C460020F404 /* ViewController.m in Sources */,
				AC6DD8711AE10C460020F404 /* AppDelegate.m in Sources */,
				AC6DD86E1AE10C460020F404 /* main.m in Sources */,
			);
			runOnlyForDeploymentPostprocessing = 0;
		};
		AC6DD87D1AE10C460020F404 /* Sources */ = {
			isa = PBXSourcesBuildPhase;
			buildActionMask = 2147483647;
			files = (
				AC6DD8881AE10C460020F404 /* counttTests.m in Sources */,
			);
			runOnlyForDeploymentPostprocessing = 0;
		};
/* End PBXSourcesBuildPhase section */

/* Begin PBXTargetDependency section */
		AC6DD8831AE10C460020F404 /* PBXTargetDependency */ = {
			isa = PBXTargetDependency;
			target = AC6DD8671AE10C460020F404 /* countt */;
			targetProxy = AC6DD8821AE10C460020F404 /* PBXContainerItemProxy */;
		};
/* End PBXTargetDependency section */

/* Begin PBXVariantGroup section */
		AC6DD8751AE10C460020F404 /* Main.storyboard */ = {
			isa = PBXVariantGroup;
			children = (
				AC6DD8761AE10C460020F404 /* Base */,
			);
			name = Main.storyboard;
			sourceTree = "<group>";
		};
		AC6DD87A1AE10C460020F404 /* LaunchScreen.xib */ = {
			isa = PBXVariantGroup;
			children = (
				AC6DD87B1AE10C460020F404 /* Base */,
			);
			name = LaunchScreen.xib;
			sourceTree = "<group>";
		};
/* End PBXVariantGroup section */

/* Begin XCBuildConfiguration section */
		AC6DD8891AE10C460020F404 /* Debug */ = {
			isa = XCBuildConfiguration;
			buildSettings = {
				ALWAYS_SEARCH_USER_PATHS = NO;
				CLANG_CXX_LANGUAGE_STANDARD = "gnu++0x";
				CLANG_CXX_LIBRARY = "libc++";
				CLANG_ENABLE_MODULES = YES;
				CLANG_ENABLE_OBJC_ARC = YES;
				CLANG_WARN_BOOL_CONVERSION = YES;
				CLANG_WARN_CONSTANT_CONVERSION = YES;
				CLANG_WARN_DIRECT_OBJC_ISA_USAGE = YES_ERROR;
				CLANG_WARN_EMPTY_BODY = YES;
				CLANG_WARN_ENUM_CONVERSION = YES;
				CLANG_WARN_INT_CONVERSION = YES;
				CLANG_WARN_OBJC_ROOT_CLASS = YES_ERROR;
				CLANG_WARN_UNREACHABLE_CODE = YES;
				CLANG_WARN__DUPLICATE_METHOD_MATCH = YES;
				"CODE_SIGN_IDENTITY[sdk=iphoneos*]" = "iPhone Developer";
				COPY_PHASE_STRIP = NO;
				ENABLE_STRICT_OBJC_MSGSEND = YES;
				GCC_C_LANGUAGE_STANDARD = gnu99;
				GCC_DYNAMIC_NO_PIC = NO;
				GCC_OPTIMIZATION_LEVEL = 0;
				GCC_PREPROCESSOR_DEFINITIONS = (
					"DEBUG=1",
					"$(inherited)",
				);
				GCC_SYMBOLS_PRIVATE_EXTERN = NO;
				GCC_WARN_64_TO_32_BIT_CONVERSION = YES;
				GCC_WARN_ABOUT_RETURN_TYPE = YES_ERROR;
				GCC_WARN_UNDECLARED_SELECTOR = YES;
				GCC_WARN_UNINITIALIZED_AUTOS = YES_AGGRESSIVE;
				GCC_WARN_UNUSED_FUNCTION = YES;
				GCC_WARN_UNUSED_VARIABLE = YES;
				IPHONEOS_DEPLOYMENT_TARGET = 8.2;
				MTL_ENABLE_DEBUG_INFO = YES;
				ONLY_ACTIVE_ARCH = YES;
				SDKROOT = iphoneos;
			};
			name = Debug;
		};
		AC6DD88A1AE10C460020F404 /* Release */ = {
			isa = XCBuildConfiguration;
			buildSettings = {
				ALWAYS_SEARCH_USER_PATHS = NO;
				CLANG_CXX_LANGUAGE_STANDARD = "gnu++0x";
				CLANG_CXX_LIBRARY = "libc++";
				CLANG_ENABLE_MODULES = YES;
				CLANG_ENABLE_OBJC_ARC = YES;
				CLANG_WARN_BOOL_CONVERSION = YES;
				CLANG_WARN_CONSTANT_CONVERSION = YES;
				CLANG_WARN_DIRECT_OBJC_ISA_USAGE = YES_ERROR;
				CLANG_WARN_EMPTY_BODY = YES;
				CLANG_WARN_ENUM_CONVERSION = YES;
				CLANG_WARN_INT_CONVERSION = YES;
				CLANG_WARN_OBJC_ROOT_CLASS = YES_ERROR;
				CLANG_WARN_UNREACHABLE_CODE = YES;
				CLANG_WARN__DUPLICATE_METHOD_MATCH = YES;
				"CODE_SIGN_IDENTITY[sdk=iphoneos*]" = "iPhone Developer";
				COPY_PHASE_STRIP = NO;
				ENABLE_NS_ASSERTIONS = NO;
				ENABLE_STRICT_OBJC_MSGSEND = YES;
				GCC_C_LANGUAGE_STANDARD = gnu99;
				GCC_WARN_64_TO_32_BIT_CONVERSION = YES;
				GCC_WARN_ABOUT_RETURN_TYPE = YES_ERROR;
				GCC_WARN_UNDECLARED_SELECTOR = YES;
				GCC_WARN_UNINITIALIZED_AUTOS = YES_AGGRESSIVE;
				GCC_WARN_UNUSED_FUNCTION = YES;
				GCC_WARN_UNUSED_VARIABLE = YES;
				IPHONEOS_DEPLOYMENT_TARGET = 8.2;
				MTL_ENABLE_DEBUG_INFO = NO;
				SDKROOT = iphoneos;
				VALIDATE_PRODUCT = YES;
			};
			name = Release;
		};
		AC6DD88C1AE10C460020F404 /* Debug */ = {
			isa = XCBuildConfiguration;
			buildSettings = {
				ASSETCATALOG_COMPILER_APPICON_NAME = AppIcon;
				INFOPLIST_FILE = countt/Info.plist;
				LD_RUNPATH_SEARCH_PATHS = "$(inherited) @executable_path/Frameworks";
				PRODUCT_NAME = "$(TARGET_NAME)";
			};
			name = Debug;
		};
		AC6DD88D1AE10C460020F404 /* Release */ = {
			isa = XCBuildConfiguration;
			buildSettings = {
				ASSETCATALOG_COMPILER_APPICON_NAME = AppIcon;
				INFOPLIST_FILE = countt/Info.plist;
				LD_RUNPATH_SEARCH_PATHS = "$(inherited) @executable_path/Frameworks";
				PRODUCT_NAME = "$(TARGET_NAME)";
			};
			name = Release;
		};
		AC6DD88F1AE10C460020F404 /* Debug */ = {
			isa = XCBuildConfiguration;
			buildSettings = {
				BUNDLE_LOADER = "$(TEST_HOST)";
				FRAMEWORK_SEARCH_PATHS = (
					"$(SDKROOT)/Developer/Library/Frameworks",
					"$(inherited)",
				);
				GCC_PREPROCESSOR_DEFINITIONS = (
					"DEBUG=1",
					"$(inherited)",
				);
				INFOPLIST_FILE = counttTests/Info.plist;
				LD_RUNPATH_SEARCH_PATHS = "$(inherited) @executable_path/Frameworks @loader_path/Frameworks";
				PRODUCT_NAME = "$(TARGET_NAME)";
				TEST_HOST = "$(BUILT_PRODUCTS_DIR)/countt.app/countt";
			};
			name = Debug;
		};
		AC6DD8901AE10C460020F404 /* Release */ = {
			isa = XCBuildConfiguration;
			buildSettings = {
				BUNDLE_LOADER = "$(TEST_HOST)";
				FRAMEWORK_SEARCH_PATHS = (
					"$(SDKROOT)/Developer/Library/Frameworks",
					"$(inherited)",
				);
				INFOPLIST_FILE = counttTests/Info.plist;
				LD_RUNPATH_SEARCH_PATHS = "$(inherited) @executable_path/Frameworks @loader_path/Frameworks";
				PRODUCT_NAME = "$(TARGET_NAME)";
				TEST_HOST = "$(BUILT_PRODUCTS_DIR)/countt.app/countt";
			};
			name = Release;
		};
/* End XCBuildConfiguration section */

/* Begin XCConfigurationList section */
		AC6DD8631AE10C460020F404 /* Build configuration list for PBXProject "countt" */ = {
			isa = XCConfigurationList;
			buildConfigurations = (
				AC6DD8891AE10C460020F404 /* Debug */,
				AC6DD88A1AE10C460020F404 /* Release */,
			);
			defaultConfigurationIsVisible = 0;
			defaultConfigurationName = Release;
		};
		AC6DD88B1AE10C460020F404 /* Build configuration list for PBXNativeTarget "countt" */ = {
			isa = XCConfigurationList;
			buildConfigurations = (
				AC6DD88C1AE10C460020F404 /* Debug */,
				AC6DD88D1AE10C460020F404 /* Release */,
			);
			defaultConfigurationIsVisible = 0;
		};
		AC6DD88E1AE10C460020F404 /* Build configuration list for PBXNativeTarget "counttTests" */ = {
			isa = XCConfigurationList;
			buildConfigurations = (
				AC6DD88F1AE10C460020F404 /* Debug */,
				AC6DD8901AE10C460020F404 /* Release */,
			);
			defaultConfigurationIsVisible = 0;
		};
/* End XCConfigurationList section */
	};
	rootObject = AC6DD8601AE10C460020F404 /* Project object */;
}
